{
  "version": 4,
  "terraform_version": "1.1.0",
  "serial": 18,
  "lineage": "de2c1242-7205-d6b0-b7cc-4e601bd6d4ce",
  "outputs": {},
  "resources": [
    {
      "module": "module.codeartifact_lessen",
      "mode": "managed",
      "type": "aws_codeartifact_domain",
      "name": "this",
      "provider": "provider[\"registry.terraform.io/hashicorp/aws\"]",
      "instances": [
        {
          "schema_version": 0,
          "attributes": {
            "arn": "arn:aws:codeartifact:us-east-1:728921286627:domain/codeartifact-domain",
            "asset_size_bytes": 0,
            "created_time": "2022-05-31T19:09:59Z",
            "domain": "codeartifact-domain",
            "encryption_key": "arn:aws:kms:us-east-1:728921286627:key/55dc2bf7-d182-43c4-9519-fc4999c2bebf",
            "id": "arn:aws:codeartifact:us-east-1:728921286627:domain/codeartifact-domain",
            "owner": "728921286627",
            "repository_count": 0,
            "tags": {},
            "tags_all": {}
          },
          "sensitive_attributes": [],
          "private": "bnVsbA==",
          "dependencies": [
            "module.codeartifact_lessen.aws_kms_key.this"
          ]
        }
      ]
    },
    {
      "module": "module.codeartifact_lessen",
      "mode": "managed",
      "type": "aws_codeartifact_domain_permissions_policy",
      "name": "this",
      "provider": "provider[\"registry.terraform.io/hashicorp/aws\"]",
      "instances": [
        {
          "schema_version": 0,
          "attributes": {
            "domain": "codeartifact-domain",
            "domain_owner": "728921286627",
            "id": "arn:aws:codeartifact:us-east-1:728921286627:domain/codeartifact-domain",
            "policy_document": "{\"Statement\":[{\"Action\":\"codeartifact:GetAuthorizationToken\",\"Effect\":\"Allow\",\"Principal\":{\"AWS\":\"823208167079\"},\"Resource\":\"arn:aws:codeartifact:us-east-1:728921286627:domain/codeartifact-domain\",\"Sid\":\"BasicDomainPolicy\"}],\"Version\":\"2012-10-17\"}",
            "policy_revision": "/pEv0pjtEW+QbCTVPfJYWARERuNB8hsZT5xokT6zSj8=",
            "resource_arn": "arn:aws:codeartifact:us-east-1:728921286627:domain/codeartifact-domain"
          },
          "sensitive_attributes": [],
          "private": "bnVsbA==",
          "dependencies": [
            "module.codeartifact_lessen.aws_codeartifact_domain.this"
          ]
        }
      ]
    },
    {
      "module": "module.codeartifact_lessen",
      "mode": "managed",
      "type": "aws_kms_key",
      "name": "this",
      "provider": "provider[\"registry.terraform.io/hashicorp/aws\"]",
      "instances": [
        {
          "schema_version": 0,
          "attributes": {
            "arn": "arn:aws:kms:us-east-1:728921286627:key/55dc2bf7-d182-43c4-9519-fc4999c2bebf",
            "bypass_policy_lockout_safety_check": false,
            "customer_master_key_spec": "SYMMETRIC_DEFAULT",
            "deletion_window_in_days": null,
            "description": "domain key for aws_codeartifact_domain",
            "enable_key_rotation": false,
            "id": "55dc2bf7-d182-43c4-9519-fc4999c2bebf",
            "is_enabled": true,
            "key_id": "55dc2bf7-d182-43c4-9519-fc4999c2bebf",
            "key_usage": "ENCRYPT_DECRYPT",
            "multi_region": false,
            "policy": "{\"Id\":\"key-default-1\",\"Statement\":[{\"Action\":\"kms:*\",\"Effect\":\"Allow\",\"Principal\":{\"AWS\":\"arn:aws:iam::728921286627:root\"},\"Resource\":\"*\",\"Sid\":\"Enable IAM User Permissions\"}],\"Version\":\"2012-10-17\"}",
            "tags": {},
            "tags_all": {}
          },
          "sensitive_attributes": [],
          "private": "bnVsbA=="
        }
      ]
    }
  ]
}
